{
  "name": "post-signature",
  "version": "1.0.0",
  "lockfileVersion": 1,
  "requires": true,
  "dependencies": {
    "@firstandthird/arc-rapptor": {
      "version": "7.4.0",
      "resolved": "https://registry.npmjs.org/@firstandthird/arc-rapptor/-/arc-rapptor-7.4.0.tgz",
      "integrity": "sha512-GIF/gVgMu9Cfss/tUc2REmbTEG61IDhT6gj+DAui8kgIW7TzSOxhPc3rVrlSXHgOpfOcjUncFYvIW0eQn4ZoTw==",
      "requires": {
        "arc-reply": "^2.0.0",
        "aug": "^3.1.0",
        "confi-lite": "^0.2.0",
        "logr": "^2.16.0",
        "logr-json": "^1.1.0"
      }
    },
    "@firstandthird/serialize-object": {
      "version": "1.3.0",
      "resolved": "https://registry.npmjs.org/@firstandthird/serialize-object/-/serialize-object-1.3.0.tgz",
      "integrity": "sha512-Ip5SsGdKy1kFFCJ9P1dRXEZTthWmmaRzvEXYyJgGIQxxPHov5sJLEtnyI2b2linQBFvXTdkUdbUv2sCyK7ar1Q==",
      "requires": {
        "serialize-error": "^4.1.0"
      }
    },
    "arc-reply": {
      "version": "2.3.0",
      "resolved": "https://registry.npmjs.org/arc-reply/-/arc-reply-2.3.0.tgz",
      "integrity": "sha512-PH7rHvSdUbBFAJvjgYGQhqNWVJMDWP+rQD8i4E7mKNQdfMUzJMXeY2V987GNi1hUC+5wz4n2gvVQpRKdjxOrBQ=="
    },
    "aug": {
      "version": "3.1.1",
      "resolved": "https://registry.npmjs.org/aug/-/aug-3.1.1.tgz",
      "integrity": "sha512-dudXS7eQOTTn/P6TBiPDt5oO4LnH66sYpCmHLiZktUMNJv3hKtKPKqOaEqa3d75HKkVBLK+nE92Jvbzr2lSo1Q=="
    },
    "aws-sdk": {
      "version": "2.645.0",
      "resolved": "https://registry.npmjs.org/aws-sdk/-/aws-sdk-2.645.0.tgz",
      "integrity": "sha512-zElxkYl5lRxf1wiByd6C3kBKBNtA04ltC++DhcL3OypNBAn/LjnHLR1r7TOn6XyM9xgM7wPwm7MS43n0AS2qYg==",
      "dev": true,
      "requires": {
        "buffer": "4.9.1",
        "events": "1.1.1",
        "ieee754": "1.1.13",
        "jmespath": "0.15.0",
        "querystring": "0.2.0",
        "sax": "1.2.1",
        "url": "0.10.3",
        "uuid": "3.3.2",
        "xml2js": "0.4.19"
      }
    },
    "base64-js": {
      "version": "1.3.1",
      "resolved": "https://registry.npmjs.org/base64-js/-/base64-js-1.3.1.tgz",
      "integrity": "sha512-mLQ4i2QO1ytvGWFWmcngKO//JXAQueZvwEKtjgQFM4jIK0kU+ytMfplL8j+n5mspOfjHwoAg+9yhb7BwAHm36g==",
      "dev": true
    },
    "buffer": {
      "version": "4.9.1",
      "resolved": "https://registry.npmjs.org/buffer/-/buffer-4.9.1.tgz",
      "integrity": "sha1-bRu2AbB6TvztlwlBMgkwJ8lbwpg=",
      "dev": true,
      "requires": {
        "base64-js": "^1.0.2",
        "ieee754": "^1.1.4",
        "isarray": "^1.0.0"
      }
    },
    "confi-helpers": {
      "version": "0.0.1",
      "resolved": "https://registry.npmjs.org/confi-helpers/-/confi-helpers-0.0.1.tgz",
      "integrity": "sha512-qc8MHBt3w/AQmh+dVaWvjtu8v0YQ82qoLHQQitn2iLLiCw2Wtz54JOOYnqoFZ/fK/vdeTtW7zCuRw9vTv5FX+Q==",
      "requires": {
        "ms": "^2.1.1"
      }
    },
    "confi-lite": {
      "version": "0.2.0",
      "resolved": "https://registry.npmjs.org/confi-lite/-/confi-lite-0.2.0.tgz",
      "integrity": "sha512-4zzYc9DZ9NJGO8uddIW7rvHcgnIPrSWkhrHFq6CwTwDIGF6eyBHlj1batnE/o+y7XSCTtWc/EPl9ZMbwkzMn9g==",
      "requires": {
        "aug": "^3.0.1",
        "confi-helpers": "0.0.1",
        "varson": "^2.1.0"
      }
    },
    "events": {
      "version": "1.1.1",
      "resolved": "https://registry.npmjs.org/events/-/events-1.1.1.tgz",
      "integrity": "sha1-nr23Y1rQmccNzEwqH1AEKI6L2SQ=",
      "dev": true
    },
    "fast-safe-stringify": {
      "version": "2.0.7",
      "resolved": "https://registry.npmjs.org/fast-safe-stringify/-/fast-safe-stringify-2.0.7.tgz",
      "integrity": "sha512-Utm6CdzT+6xsDk2m8S6uL8VHxNwI6Jub+e9NYTcAms28T84pTa25GJQV9j0CY0N1rM8hK4x6grpF2BQf+2qwVA=="
    },
    "ieee754": {
      "version": "1.1.13",
      "resolved": "https://registry.npmjs.org/ieee754/-/ieee754-1.1.13.tgz",
      "integrity": "sha512-4vf7I2LYV/HaWerSo3XmlMkp5eZ83i+/CDluXi/IGTs/O1sejBNhTtnxzmRZfvOUqj7lZjqHkeTvpgSFDlWZTg==",
      "dev": true
    },
    "isarray": {
      "version": "1.0.0",
      "resolved": "https://registry.npmjs.org/isarray/-/isarray-1.0.0.tgz",
      "integrity": "sha1-u5NdSFgsuhaMBoNJV6VKPgcSTxE=",
      "dev": true
    },
    "jmespath": {
      "version": "0.15.0",
      "resolved": "https://registry.npmjs.org/jmespath/-/jmespath-0.15.0.tgz",
      "integrity": "sha1-o/Iiqarp+Wb10nx5ZRDigJF2Qhc=",
      "dev": true
    },
    "lodash.get": {
      "version": "4.4.2",
      "resolved": "https://registry.npmjs.org/lodash.get/-/lodash.get-4.4.2.tgz",
      "integrity": "sha1-LRd/ZS+jHpObRDjVNBSZ36OCXpk="
    },
    "lodash.intersection": {
      "version": "4.4.0",
      "resolved": "https://registry.npmjs.org/lodash.intersection/-/lodash.intersection-4.4.0.tgz",
      "integrity": "sha1-ChG6Yx0OlcI8fy9Mu5ppLtF45wU="
    },
    "logr": {
      "version": "2.16.0",
      "resolved": "https://registry.npmjs.org/logr/-/logr-2.16.0.tgz",
      "integrity": "sha512-8+Ks1y76hrEoclSQI7DlMDJX0SSHFPpoJx+Rl17+bR/dlyf4bbqjMgrU27I5bZNtMbyUx7+Mf3XRlMqT1BDajw==",
      "requires": {
        "@firstandthird/serialize-object": "^1.3.0",
        "aug": "2.0.1",
        "lodash.intersection": "4.4.0"
      },
      "dependencies": {
        "aug": {
          "version": "2.0.1",
          "resolved": "https://registry.npmjs.org/aug/-/aug-2.0.1.tgz",
          "integrity": "sha512-UeJ6gW7KohA/gX2VsjTNGtRh63TqFBdFEcNAsAqKeoZAiguV8Oevk/lp5vlXMhIhiPniBtRi9bnwga6FEbndtg=="
        }
      }
    },
    "logr-json": {
      "version": "1.2.0",
      "resolved": "https://registry.npmjs.org/logr-json/-/logr-json-1.2.0.tgz",
      "integrity": "sha512-qDd+i2OQ9ph5PQub0LSpft+GMdAPS51808jru1X4bpNjBiqEUR9wwEWf03YzJTrLPNEdbQZGCwbx7OLRdhOLJA==",
      "requires": {
        "aug": "^3.0.1",
        "fast-safe-stringify": "^2.0.6"
      }
    },
    "mime": {
      "version": "2.4.4",
      "resolved": "https://registry.npmjs.org/mime/-/mime-2.4.4.tgz",
      "integrity": "sha512-LRxmNwziLPT828z+4YkNzloCFC2YM4wrB99k+AV5ZbEyfGNWfG8SO1FUXLmLDBSo89NrJZ4DIWeLjy1CHGhMGA=="
    },
    "ms": {
      "version": "2.1.2",
      "resolved": "https://registry.npmjs.org/ms/-/ms-2.1.2.tgz",
      "integrity": "sha512-sGkPx+VjMtmA6MX27oA4FBFELFCZZ4S4XqeGOXCv68tT+jb3vk/RyaKWP0PTKyWtmLSM0b+adUTEvbs1PEaH2w=="
    },
    "punycode": {
      "version": "1.3.2",
      "resolved": "https://registry.npmjs.org/punycode/-/punycode-1.3.2.tgz",
      "integrity": "sha1-llOgNvt8HuQjQvIyXM7v6jkmxI0=",
      "dev": true
    },
    "querystring": {
      "version": "0.2.0",
      "resolved": "https://registry.npmjs.org/querystring/-/querystring-0.2.0.tgz",
      "integrity": "sha1-sgmEkgO7Jd+CDadW50cAWHhSFiA=",
      "dev": true
    },
    "sax": {
      "version": "1.2.1",
      "resolved": "https://registry.npmjs.org/sax/-/sax-1.2.1.tgz",
      "integrity": "sha1-e45lYZCyKOgaZq6nSEgNgozS03o=",
      "dev": true
    },
    "serialize-error": {
      "version": "4.1.0",
      "resolved": "https://registry.npmjs.org/serialize-error/-/serialize-error-4.1.0.tgz",
      "integrity": "sha512-5j9GgyGsP9vV9Uj1S0lDCvlsd+gc2LEPVK7HHHte7IyPwOD4lVQFeaX143gx3U5AnoCi+wbcb3mvaxVysjpxEw==",
      "requires": {
        "type-fest": "^0.3.0"
      }
    },
    "slugify": {
      "version": "1.4.0",
      "resolved": "https://registry.npmjs.org/slugify/-/slugify-1.4.0.tgz",
      "integrity": "sha512-FtLNsMGBSRB/0JOE2A0fxlqjI6fJsgHGS13iTuVT28kViI4JjUiNqp/vyis0ZXYcMnpR3fzGNkv+6vRlI2GwdQ=="
    },
    "type-fest": {
      "version": "0.3.1",
      "resolved": "https://registry.npmjs.org/type-fest/-/type-fest-0.3.1.tgz",
      "integrity": "sha512-cUGJnCdr4STbePCgqNFbpVNCepa+kAVohJs1sLhxzdH+gnEoOd8VhbYa7pD3zZYGiURWM2xzEII3fQcRizDkYQ=="
    },
    "url": {
      "version": "0.10.3",
      "resolved": "https://registry.npmjs.org/url/-/url-0.10.3.tgz",
      "integrity": "sha1-Ah5NnHcF8hu/N9A861h2dAJ3TGQ=",
      "dev": true,
      "requires": {
        "punycode": "1.3.2",
        "querystring": "0.2.0"
      }
    },
    "uuid": {
      "version": "3.3.2",
      "resolved": "https://registry.npmjs.org/uuid/-/uuid-3.3.2.tgz",
      "integrity": "sha512-yXJmeNaw3DnnKAOKJE51sL/ZaYfWJRl1pK9dr19YFCu0ObS231AB1/LbqTKRAQ5kw8A90rA6fr4riOUpTZvQZA==",
      "dev": true
    },
    "varson": {
      "version": "2.1.0",
      "resolved": "https://registry.npmjs.org/varson/-/varson-2.1.0.tgz",
      "integrity": "sha512-ZBrrJqP0cxxoI9cPYs84+/gXeTjiJE6PodR5XzoFAyGB7TrkEMZkkTPbREb0aPwPlkFb1Xks2WenFYcZ9hPURw==",
      "requires": {
        "aug": "^3.0.1",
        "lodash.get": "^4.4.2"
      }
    },
    "xml2js": {
      "version": "0.4.19",
      "resolved": "https://registry.npmjs.org/xml2js/-/xml2js-0.4.19.tgz",
      "integrity": "sha512-esZnJZJOiJR9wWKMyuvSE1y6Dq5LCuJanqhxslH2bxM6duahNZ+HMpCLhBQGZkbX6xRf8x1Y2eJlgt2q3qo49Q==",
      "dev": true,
      "requires": {
        "sax": ">=0.6.0",
        "xmlbuilder": "~9.0.1"
      }
    },
    "xmlbuilder": {
      "version": "9.0.7",
      "resolved": "https://registry.npmjs.org/xmlbuilder/-/xmlbuilder-9.0.7.tgz",
      "integrity": "sha1-Ey7mPS7FVlxVfiD0wi35rKaGsQ0=",
      "dev": true
    }
  }
}
