{
  "name": "pagedata-get-home",
  "version": "1.0.0",
  "lockfileVersion": 1,
  "requires": true,
  "dependencies": {
    "@firstandthird/arc-cache": {
      "version": "2.2.0",
      "resolved": "https://registry.npmjs.org/@firstandthird/arc-cache/-/arc-cache-2.2.0.tgz",
      "integrity": "sha512-1+O+17AGsIlcedpLLaRkUDUcOk3hoYT01QTAKxHN2OQH0HpGy1xokt5Lc3MbY8bc9yjgFgMw1Edw2o8TiZJ3cQ==",
      "requires": {
        "@firstandthird/memory-cache": "^2.0.2"
      }
    },
    "@firstandthird/arc-rapptor": {
      "version": "7.4.1",
      "resolved": "https://registry.npmjs.org/@firstandthird/arc-rapptor/-/arc-rapptor-7.4.1.tgz",
      "integrity": "sha512-R6DGE2WPlOESEN61nkmnPAEZxV8jL4CQmzAmJWEIZnkFeSqrAnSl3GMax8d7Wsz3PpuncLdZSD5AErV4rovTSg==",
      "requires": {
        "arc-reply": "^2.0.0",
        "aug": "^3.1.0",
        "confi-lite": "^0.2.0",
        "logr": "^2.16.0",
        "logr-json": "^1.1.0"
      }
    },
    "@firstandthird/memory-cache": {
      "version": "2.0.2",
      "resolved": "https://registry.npmjs.org/@firstandthird/memory-cache/-/memory-cache-2.0.2.tgz",
      "integrity": "sha512-PhNbLcbV+IcP5iWY3EkE8aWUa2w4U9f9Hu2SUMLsfP6QkfsEpJv7Udpu6PvCbvEgXFsdQJWh/KZcicIfOk6qcw=="
    },
    "@firstandthird/serialize-object": {
      "version": "1.3.0",
      "resolved": "https://registry.npmjs.org/@firstandthird/serialize-object/-/serialize-object-1.3.0.tgz",
      "integrity": "sha512-Ip5SsGdKy1kFFCJ9P1dRXEZTthWmmaRzvEXYyJgGIQxxPHov5sJLEtnyI2b2linQBFvXTdkUdbUv2sCyK7ar1Q==",
      "requires": {
        "serialize-error": "^4.1.0"
      }
    },
    "arc-reply": {
      "version": "2.3.0",
      "resolved": "https://registry.npmjs.org/arc-reply/-/arc-reply-2.3.0.tgz",
      "integrity": "sha512-PH7rHvSdUbBFAJvjgYGQhqNWVJMDWP+rQD8i4E7mKNQdfMUzJMXeY2V987GNi1hUC+5wz4n2gvVQpRKdjxOrBQ=="
    },
    "aug": {
      "version": "3.1.1",
      "resolved": "https://registry.npmjs.org/aug/-/aug-3.1.1.tgz",
      "integrity": "sha512-dudXS7eQOTTn/P6TBiPDt5oO4LnH66sYpCmHLiZktUMNJv3hKtKPKqOaEqa3d75HKkVBLK+nE92Jvbzr2lSo1Q=="
    },
    "confi-helpers": {
      "version": "0.0.1",
      "resolved": "https://registry.npmjs.org/confi-helpers/-/confi-helpers-0.0.1.tgz",
      "integrity": "sha512-qc8MHBt3w/AQmh+dVaWvjtu8v0YQ82qoLHQQitn2iLLiCw2Wtz54JOOYnqoFZ/fK/vdeTtW7zCuRw9vTv5FX+Q==",
      "requires": {
        "ms": "^2.1.1"
      }
    },
    "confi-lite": {
      "version": "0.2.0",
      "resolved": "https://registry.npmjs.org/confi-lite/-/confi-lite-0.2.0.tgz",
      "integrity": "sha512-4zzYc9DZ9NJGO8uddIW7rvHcgnIPrSWkhrHFq6CwTwDIGF6eyBHlj1batnE/o+y7XSCTtWc/EPl9ZMbwkzMn9g==",
      "requires": {
        "aug": "^3.0.1",
        "confi-helpers": "0.0.1",
        "varson": "^2.1.0"
      }
    },
    "fast-safe-stringify": {
      "version": "2.0.7",
      "resolved": "https://registry.npmjs.org/fast-safe-stringify/-/fast-safe-stringify-2.0.7.tgz",
      "integrity": "sha512-Utm6CdzT+6xsDk2m8S6uL8VHxNwI6Jub+e9NYTcAms28T84pTa25GJQV9j0CY0N1rM8hK4x6grpF2BQf+2qwVA=="
    },
    "lodash.get": {
      "version": "4.4.2",
      "resolved": "https://registry.npmjs.org/lodash.get/-/lodash.get-4.4.2.tgz",
      "integrity": "sha1-LRd/ZS+jHpObRDjVNBSZ36OCXpk="
    },
    "lodash.intersection": {
      "version": "4.4.0",
      "resolved": "https://registry.npmjs.org/lodash.intersection/-/lodash.intersection-4.4.0.tgz",
      "integrity": "sha1-ChG6Yx0OlcI8fy9Mu5ppLtF45wU="
    },
    "logr": {
      "version": "2.16.0",
      "resolved": "https://registry.npmjs.org/logr/-/logr-2.16.0.tgz",
      "integrity": "sha512-8+Ks1y76hrEoclSQI7DlMDJX0SSHFPpoJx+Rl17+bR/dlyf4bbqjMgrU27I5bZNtMbyUx7+Mf3XRlMqT1BDajw==",
      "requires": {
        "@firstandthird/serialize-object": "^1.3.0",
        "aug": "2.0.1",
        "lodash.intersection": "4.4.0"
      },
      "dependencies": {
        "aug": {
          "version": "2.0.1",
          "resolved": "https://registry.npmjs.org/aug/-/aug-2.0.1.tgz",
          "integrity": "sha512-UeJ6gW7KohA/gX2VsjTNGtRh63TqFBdFEcNAsAqKeoZAiguV8Oevk/lp5vlXMhIhiPniBtRi9bnwga6FEbndtg=="
        }
      }
    },
    "logr-json": {
      "version": "1.2.0",
      "resolved": "https://registry.npmjs.org/logr-json/-/logr-json-1.2.0.tgz",
      "integrity": "sha512-qDd+i2OQ9ph5PQub0LSpft+GMdAPS51808jru1X4bpNjBiqEUR9wwEWf03YzJTrLPNEdbQZGCwbx7OLRdhOLJA==",
      "requires": {
        "aug": "^3.0.1",
        "fast-safe-stringify": "^2.0.6"
      }
    },
    "ms": {
      "version": "2.1.2",
      "resolved": "https://registry.npmjs.org/ms/-/ms-2.1.2.tgz",
      "integrity": "sha512-sGkPx+VjMtmA6MX27oA4FBFELFCZZ4S4XqeGOXCv68tT+jb3vk/RyaKWP0PTKyWtmLSM0b+adUTEvbs1PEaH2w=="
    },
    "serialize-error": {
      "version": "4.1.0",
      "resolved": "https://registry.npmjs.org/serialize-error/-/serialize-error-4.1.0.tgz",
      "integrity": "sha512-5j9GgyGsP9vV9Uj1S0lDCvlsd+gc2LEPVK7HHHte7IyPwOD4lVQFeaX143gx3U5AnoCi+wbcb3mvaxVysjpxEw==",
      "requires": {
        "type-fest": "^0.3.0"
      }
    },
    "type-fest": {
      "version": "0.3.1",
      "resolved": "https://registry.npmjs.org/type-fest/-/type-fest-0.3.1.tgz",
      "integrity": "sha512-cUGJnCdr4STbePCgqNFbpVNCepa+kAVohJs1sLhxzdH+gnEoOd8VhbYa7pD3zZYGiURWM2xzEII3fQcRizDkYQ=="
    },
    "varson": {
      "version": "2.1.0",
      "resolved": "https://registry.npmjs.org/varson/-/varson-2.1.0.tgz",
      "integrity": "sha512-ZBrrJqP0cxxoI9cPYs84+/gXeTjiJE6PodR5XzoFAyGB7TrkEMZkkTPbREb0aPwPlkFb1Xks2WenFYcZ9hPURw==",
      "requires": {
        "aug": "^3.0.1",
        "lodash.get": "^4.4.2"
      }
    }
  }
}
